// !$*UTF8*$!
{
	archiveVersion = 1;
	classes = {
	};
	objectVersion = 55;
	objects = {

/* Begin PBXBuildFile section */
		ED4166F72868554C009C6598 /* AppDelegate.swift in Sources */ = {isa = PBXBuildFile; fileRef = ED4166F62868554C009C6598 /* AppDelegate.swift */; };
		ED4166F92868554C009C6598 /* SceneDelegate.swift in Sources */ = {isa = PBXBuildFile; fileRef = ED4166F82868554C009C6598 /* SceneDelegate.swift */; };
		ED4166FE2868554C009C6598 /* Main.storyboard in Resources */ = {isa = PBXBuildFile; fileRef = ED4166FC2868554C009C6598 /* Main.storyboard */; };
		ED4167002868554E009C6598 /* Assets.xcassets in Resources */ = {isa = PBXBuildFile; fileRef = ED4166FF2868554E009C6598 /* Assets.xcassets */; };
		ED4167032868554E009C6598 /* LaunchScreen.storyboard in Resources */ = {isa = PBXBuildFile; fileRef = ED4167012868554E009C6598 /* LaunchScreen.storyboard */; };
		ED41670C28685613009C6598 /* PhotosSearchGetResponse.swift in Sources */ = {isa = PBXBuildFile; fileRef = ED41670B28685613009C6598 /* PhotosSearchGetResponse.swift */; };
		ED41670E286856C0009C6598 /* Photo.swift in Sources */ = {isa = PBXBuildFile; fileRef = ED41670D286856C0009C6598 /* Photo.swift */; };
		ED416711286861C5009C6598 /* ListViewController.swift in Sources */ = {isa = PBXBuildFile; fileRef = ED416710286861C5009C6598 /* ListViewController.swift */; };
		ED41671328686A3B009C6598 /* ThumbnailViewCell.swift in Sources */ = {isa = PBXBuildFile; fileRef = ED41671228686A3B009C6598 /* ThumbnailViewCell.swift */; };
		ED41671628687D75009C6598 /* GetService.swift in Sources */ = {isa = PBXBuildFile; fileRef = ED41671528687D75009C6598 /* GetService.swift */; };
		ED41671828687D9C009C6598 /* PhotosSearchGetService.swift in Sources */ = {isa = PBXBuildFile; fileRef = ED41671728687D9C009C6598 /* PhotosSearchGetService.swift */; };
		ED41671A28687DB8009C6598 /* KeyEnabledProtocol.swift in Sources */ = {isa = PBXBuildFile; fileRef = ED41671928687DB8009C6598 /* KeyEnabledProtocol.swift */; };
		ED41671C28687DDF009C6598 /* Configuration.swift in Sources */ = {isa = PBXBuildFile; fileRef = ED41671B28687DDF009C6598 /* Configuration.swift */; };
/* End PBXBuildFile section */

/* Begin PBXFileReference section */
		ED4166F32868554C009C6598 /* SearchPhotos.app */ = {isa = PBXFileReference; explicitFileType = wrapper.application; includeInIndex = 0; path = SearchPhotos.app; sourceTree = BUILT_PRODUCTS_DIR; };
		ED4166F62868554C009C6598 /* AppDelegate.swift */ = {isa = PBXFileReference; lastKnownFileType = sourcecode.swift; path = AppDelegate.swift; sourceTree = "<group>"; };
		ED4166F82868554C009C6598 /* SceneDelegate.swift */ = {isa = PBXFileReference; lastKnownFileType = sourcecode.swift; path = SceneDelegate.swift; sourceTree = "<group>"; };
		ED4166FD2868554C009C6598 /* Base */ = {isa = PBXFileReference; lastKnownFileType = file.storyboard; name = Base; path = Base.lproj/Main.storyboard; sourceTree = "<group>"; };
		ED4166FF2868554E009C6598 /* Assets.xcassets */ = {isa = PBXFileReference; lastKnownFileType = folder.assetcatalog; path = Assets.xcassets; sourceTree = "<group>"; };
		ED4167022868554E009C6598 /* Base */ = {isa = PBXFileReference; lastKnownFileType = file.storyboard; name = Base; path = Base.lproj/LaunchScreen.storyboard; sourceTree = "<group>"; };
		ED4167042868554E009C6598 /* Info.plist */ = {isa = PBXFileReference; lastKnownFileType = text.plist.xml; path = Info.plist; sourceTree = "<group>"; };
		ED41670B28685613009C6598 /* PhotosSearchGetResponse.swift */ = {isa = PBXFileReference; lastKnownFileType = sourcecode.swift; path = PhotosSearchGetResponse.swift; sourceTree = "<group>"; };
		ED41670D286856C0009C6598 /* Photo.swift */ = {isa = PBXFileReference; lastKnownFileType = sourcecode.swift; path = Photo.swift; sourceTree = "<group>"; };
		ED416710286861C5009C6598 /* ListViewController.swift */ = {isa = PBXFileReference; lastKnownFileType = sourcecode.swift; path = ListViewController.swift; sourceTree = "<group>"; };
		ED41671228686A3B009C6598 /* ThumbnailViewCell.swift */ = {isa = PBXFileReference; lastKnownFileType = sourcecode.swift; path = ThumbnailViewCell.swift; sourceTree = "<group>"; };
		ED41671528687D75009C6598 /* GetService.swift */ = {isa = PBXFileReference; lastKnownFileType = sourcecode.swift; path = GetService.swift; sourceTree = "<group>"; };
		ED41671728687D9C009C6598 /* PhotosSearchGetService.swift */ = {isa = PBXFileReference; lastKnownFileType = sourcecode.swift; path = PhotosSearchGetService.swift; sourceTree = "<group>"; };
		ED41671928687DB8009C6598 /* KeyEnabledProtocol.swift */ = {isa = PBXFileReference; lastKnownFileType = sourcecode.swift; path = KeyEnabledProtocol.swift; sourceTree = "<group>"; };
		ED41671B28687DDF009C6598 /* Configuration.swift */ = {isa = PBXFileReference; lastKnownFileType = sourcecode.swift; path = Configuration.swift; sourceTree = "<group>"; };
/* End PBXFileReference section */

/* Begin PBXFrameworksBuildPhase section */
		ED4166F02868554C009C6598 /* Frameworks */ = {
			isa = PBXFrameworksBuildPhase;
			buildActionMask = 2147483647;
			files = (
			);
			runOnlyForDeploymentPostprocessing = 0;
		};
/* End PBXFrameworksBuildPhase section */

/* Begin PBXGroup section */
		ED4166EA2868554C009C6598 = {
			isa = PBXGroup;
			children = (
				ED4166F52868554C009C6598 /* SearchPhotos */,
				ED4166F42868554C009C6598 /* Products */,
			);
			sourceTree = "<group>";
		};
		ED4166F42868554C009C6598 /* Products */ = {
			isa = PBXGroup;
			children = (
				ED4166F32868554C009C6598 /* SearchPhotos.app */,
			);
			name = Products;
			sourceTree = "<group>";
		};
		ED4166F52868554C009C6598 /* SearchPhotos */ = {
			isa = PBXGroup;
			children = (
				ED41671428687D49009C6598 /* Network */,
				ED41670F286861A6009C6598 /* View */,
				ED41670A286855C3009C6598 /* Model */,
				ED41671B28687DDF009C6598 /* Configuration.swift */,
				ED4166F62868554C009C6598 /* AppDelegate.swift */,
				ED4166F82868554C009C6598 /* SceneDelegate.swift */,
				ED4166FC2868554C009C6598 /* Main.storyboard */,
				ED4166FF2868554E009C6598 /* Assets.xcassets */,
				ED4167012868554E009C6598 /* LaunchScreen.storyboard */,
				ED4167042868554E009C6598 /* Info.plist */,
			);
			path = SearchPhotos;
			sourceTree = "<group>";
		};
		ED41670A286855C3009C6598 /* Model */ = {
			isa = PBXGroup;
			children = (
				ED41670B28685613009C6598 /* PhotosSearchGetResponse.swift */,
				ED41670D286856C0009C6598 /* Photo.swift */,
			);
			path = Model;
			sourceTree = "<group>";
		};
		ED41670F286861A6009C6598 /* View */ = {
			isa = PBXGroup;
			children = (
				ED416710286861C5009C6598 /* ListViewController.swift */,
				ED41671228686A3B009C6598 /* ThumbnailViewCell.swift */,
			);
			path = View;
			sourceTree = "<group>";
		};
		ED41671428687D49009C6598 /* Network */ = {
			isa = PBXGroup;
			children = (
				ED41671528687D75009C6598 /* GetService.swift */,
				ED41671728687D9C009C6598 /* PhotosSearchGetService.swift */,
				ED41671928687DB8009C6598 /* KeyEnabledProtocol.swift */,
			);
			path = Network;
			sourceTree = "<group>";
		};
/* End PBXGroup section */

/* Begin PBXNativeTarget section */
		ED4166F22868554C009C6598 /* SearchPhotos */ = {
			isa = PBXNativeTarget;
			buildConfigurationList = ED4167072868554E009C6598 /* Build configuration list for PBXNativeTarget "SearchPhotos" */;
			buildPhases = (
				ED4166EF2868554C009C6598 /* Sources */,
				ED4166F02868554C009C6598 /* Frameworks */,
				ED4166F12868554C009C6598 /* Resources */,
			);
			buildRules = (
			);
			dependencies = (
			);
			name = SearchPhotos;
			productName = SearchPhotos;
			productReference = ED4166F32868554C009C6598 /* SearchPhotos.app */;
			productType = "com.apple.product-type.application";
		};
/* End PBXNativeTarget section */

/* Begin PBXProject section */
		ED4166EB2868554C009C6598 /* Project object */ = {
			isa = PBXProject;
			attributes = {
				BuildIndependentTargetsInParallel = 1;
				LastSwiftUpdateCheck = 1310;
				LastUpgradeCheck = 1310;
				TargetAttributes = {
					ED4166F22868554C009C6598 = {
						CreatedOnToolsVersion = 13.1;
					};
				};
			};
			buildConfigurationList = ED4166EE2868554C009C6598 /* Build configuration list for PBXProject "SearchPhotos" */;
			compatibilityVersion = "Xcode 13.0";
			developmentRegion = en;
			hasScannedForEncodings = 0;
			knownRegions = (
				en,
				Base,
			);
			mainGroup = ED4166EA2868554C009C6598;
			productRefGroup = ED4166F42868554C009C6598 /* Products */;
			projectDirPath = "";
			projectRoot = "";
			targets = (
				ED4166F22868554C009C6598 /* SearchPhotos */,
			);
		};
/* End PBXProject section */

/* Begin PBXResourcesBuildPhase section */
		ED4166F12868554C009C6598 /* Resources */ = {
			isa = PBXResourcesBuildPhase;
			buildActionMask = 2147483647;
			files = (
				ED4167032868554E009C6598 /* LaunchScreen.storyboard in Resources */,
				ED4167002868554E009C6598 /* Assets.xcassets in Resources */,
				ED4166FE2868554C009C6598 /* Main.storyboard in Resources */,
			);
			runOnlyForDeploymentPostprocessing = 0;
		};
/* End PBXResourcesBuildPhase section */

/* Begin PBXSourcesBuildPhase section */
		ED4166EF2868554C009C6598 /* Sources */ = {
			isa = PBXSourcesBuildPhase;
			buildActionMask = 2147483647;
			files = (
				ED4166F72868554C009C6598 /* AppDelegate.swift in Sources */,
				ED41670C28685613009C6598 /* PhotosSearchGetResponse.swift in Sources */,
				ED41671628687D75009C6598 /* GetService.swift in Sources */,
				ED41671828687D9C009C6598 /* PhotosSearchGetService.swift in Sources */,
				ED4166F92868554C009C6598 /* SceneDelegate.swift in Sources */,
				ED41671A28687DB8009C6598 /* KeyEnabledProtocol.swift in Sources */,
				ED41671C28687DDF009C6598 /* Configuration.swift in Sources */,
				ED41671328686A3B009C6598 /* ThumbnailViewCell.swift in Sources */,
				ED41670E286856C0009C6598 /* Photo.swift in Sources */,
				ED416711286861C5009C6598 /* ListViewController.swift in Sources */,
			);
			runOnlyForDeploymentPostprocessing = 0;
		};
/* End PBXSourcesBuildPhase section */

/* Begin PBXVariantGroup section */
		ED4166FC2868554C009C6598 /* Main.storyboard */ = {
			isa = PBXVariantGroup;
			children = (
				ED4166FD2868554C009C6598 /* Base */,
			);
			name = Main.storyboard;
			sourceTree = "<group>";
		};
		ED4167012868554E009C6598 /* LaunchScreen.storyboard */ = {
			isa = PBXVariantGroup;
			children = (
				ED4167022868554E009C6598 /* Base */,
			);
			name = LaunchScreen.storyboard;
			sourceTree = "<group>";
		};
/* End PBXVariantGroup section */

/* Begin XCBuildConfiguration section */
		ED4167052868554E009C6598 /* Debug */ = {
			isa = XCBuildConfiguration;
			buildSettings = {
				ALWAYS_SEARCH_USER_PATHS = NO;
				CLANG_ANALYZER_NONNULL = YES;
				CLANG_ANALYZER_NUMBER_OBJECT_CONVERSION = YES_AGGRESSIVE;
				CLANG_CXX_LANGUAGE_STANDARD = "gnu++17";
				CLANG_CXX_LIBRARY = "libc++";
				CLANG_ENABLE_MODULES = YES;
				CLANG_ENABLE_OBJC_ARC = YES;
				CLANG_ENABLE_OBJC_WEAK = YES;
				CLANG_WARN_BLOCK_CAPTURE_AUTORELEASING = YES;
				CLANG_WARN_BOOL_CONVERSION = YES;
				CLANG_WARN_COMMA = YES;
				CLANG_WARN_CONSTANT_CONVERSION = YES;
				CLANG_WARN_DEPRECATED_OBJC_IMPLEMENTATIONS = YES;
				CLANG_WARN_DIRECT_OBJC_ISA_USAGE = YES_ERROR;
				CLANG_WARN_DOCUMENTATION_COMMENTS = YES;
				CLANG_WARN_EMPTY_BODY = YES;
				CLANG_WARN_ENUM_CONVERSION = YES;
				CLANG_WARN_INFINITE_RECURSION = YES;
				CLANG_WARN_INT_CONVERSION = YES;
				CLANG_WARN_NON_LITERAL_NULL_CONVERSION = YES;
				CLANG_WARN_OBJC_IMPLICIT_RETAIN_SELF = YES;
				CLANG_WARN_OBJC_LITERAL_CONVERSION = YES;
				CLANG_WARN_OBJC_ROOT_CLASS = YES_ERROR;
				CLANG_WARN_QUOTED_INCLUDE_IN_FRAMEWORK_HEADER = YES;
				CLANG_WARN_RANGE_LOOP_ANALYSIS = YES;
				CLANG_WARN_STRICT_PROTOTYPES = YES;
				CLANG_WARN_SUSPICIOUS_MOVE = YES;
				CLANG_WARN_UNGUARDED_AVAILABILITY = YES_AGGRESSIVE;
				CLANG_WARN_UNREACHABLE_CODE = YES;
				CLANG_WARN__DUPLICATE_METHOD_MATCH = YES;
				COPY_PHASE_STRIP = NO;
				DEBUG_INFORMATION_FORMAT = dwarf;
				ENABLE_STRICT_OBJC_MSGSEND = YES;
				ENABLE_TESTABILITY = YES;
				GCC_C_LANGUAGE_STANDARD = gnu11;
				GCC_DYNAMIC_NO_PIC = NO;
				GCC_NO_COMMON_BLOCKS = YES;
				GCC_OPTIMIZATION_LEVEL = 0;
				GCC_PREPROCESSOR_DEFINITIONS = (
					"DEBUG=1",
					"$(inherited)",
				);
				GCC_WARN_64_TO_32_BIT_CONVERSION = YES;
				GCC_WARN_ABOUT_RETURN_TYPE = YES_ERROR;
				GCC_WARN_UNDECLARED_SELECTOR = YES;
				GCC_WARN_UNINITIALIZED_AUTOS = YES_AGGRESSIVE;
				GCC_WARN_UNUSED_FUNCTION = YES;
				GCC_WARN_UNUSED_VARIABLE = YES;
				IPHONEOS_DEPLOYMENT_TARGET = 15.0;
				MTL_ENABLE_DEBUG_INFO = INCLUDE_SOURCE;
				MTL_FAST_MATH = YES;
				ONLY_ACTIVE_ARCH = YES;
				SDKROOT = iphoneos;
				SWIFT_ACTIVE_COMPILATION_CONDITIONS = DEBUG;
				SWIFT_OPTIMIZATION_LEVEL = "-Onone";
			};
			name = Debug;
		};
		ED4167062868554E009C6598 /* Release */ = {
			isa = XCBuildConfiguration;
			buildSettings = {
				ALWAYS_SEARCH_USER_PATHS = NO;
				CLANG_ANALYZER_NONNULL = YES;
				CLANG_ANALYZER_NUMBER_OBJECT_CONVERSION = YES_AGGRESSIVE;
				CLANG_CXX_LANGUAGE_STANDARD = "gnu++17";
				CLANG_CXX_LIBRARY = "libc++";
				CLANG_ENABLE_MODULES = YES;
				CLANG_ENABLE_OBJC_ARC = YES;
				CLANG_ENABLE_OBJC_WEAK = YES;
				CLANG_WARN_BLOCK_CAPTURE_AUTORELEASING = YES;
				CLANG_WARN_BOOL_CONVERSION = YES;
				CLANG_WARN_COMMA = YES;
				CLANG_WARN_CONSTANT_CONVERSION = YES;
				CLANG_WARN_DEPRECATED_OBJC_IMPLEMENTATIONS = YES;
				CLANG_WARN_DIRECT_OBJC_ISA_USAGE = YES_ERROR;
				CLANG_WARN_DOCUMENTATION_COMMENTS = YES;
				CLANG_WARN_EMPTY_BODY = YES;
				CLANG_WARN_ENUM_CONVERSION = YES;
				CLANG_WARN_INFINITE_RECURSION = YES;
				CLANG_WARN_INT_CONVERSION = YES;
				CLANG_WARN_NON_LITERAL_NULL_CONVERSION = YES;
				CLANG_WARN_OBJC_IMPLICIT_RETAIN_SELF = YES;
				CLANG_WARN_OBJC_LITERAL_CONVERSION = YES;
				CLANG_WARN_OBJC_ROOT_CLASS = YES_ERROR;
				CLANG_WARN_QUOTED_INCLUDE_IN_FRAMEWORK_HEADER = YES;
				CLANG_WARN_RANGE_LOOP_ANALYSIS = YES;
				CLANG_WARN_STRICT_PROTOTYPES = YES;
				CLANG_WARN_SUSPICIOUS_MOVE = YES;
				CLANG_WARN_UNGUARDED_AVAILABILITY = YES_AGGRESSIVE;
				CLANG_WARN_UNREACHABLE_CODE = YES;
				CLANG_WARN__DUPLICATE_METHOD_MATCH = YES;
				COPY_PHASE_STRIP = NO;
				DEBUG_INFORMATION_FORMAT = "dwarf-with-dsym";
				ENABLE_NS_ASSERTIONS = NO;
				ENABLE_STRICT_OBJC_MSGSEND = YES;
				GCC_C_LANGUAGE_STANDARD = gnu11;
				GCC_NO_COMMON_BLOCKS = YES;
				GCC_WARN_64_TO_32_BIT_CONVERSION = YES;
				GCC_WARN_ABOUT_RETURN_TYPE = YES_ERROR;
				GCC_WARN_UNDECLARED_SELECTOR = YES;
				GCC_WARN_UNINITIALIZED_AUTOS = YES_AGGRESSIVE;
				GCC_WARN_UNUSED_FUNCTION = YES;
				GCC_WARN_UNUSED_VARIABLE = YES;
				IPHONEOS_DEPLOYMENT_TARGET = 15.0;
				MTL_ENABLE_DEBUG_INFO = NO;
				MTL_FAST_MATH = YES;
				SDKROOT = iphoneos;
				SWIFT_COMPILATION_MODE = wholemodule;
				SWIFT_OPTIMIZATION_LEVEL = "-O";
				VALIDATE_PRODUCT = YES;
			};
			name = Release;
		};
		ED4167082868554E009C6598 /* Debug */ = {
			isa = XCBuildConfiguration;
			buildSettings = {
				ASSETCATALOG_COMPILER_APPICON_NAME = AppIcon;
				ASSETCATALOG_COMPILER_GLOBAL_ACCENT_COLOR_NAME = AccentColor;
				CODE_SIGN_STYLE = Automatic;
				CURRENT_PROJECT_VERSION = 1;
				DEVELOPMENT_TEAM = F5WD84SM96;
				GENERATE_INFOPLIST_FILE = YES;
				INFOPLIST_FILE = SearchPhotos/Info.plist;
				INFOPLIST_KEY_UIApplicationSupportsIndirectInputEvents = YES;
				INFOPLIST_KEY_UILaunchStoryboardName = LaunchScreen;
				INFOPLIST_KEY_UIMainStoryboardFile = Main;
				INFOPLIST_KEY_UISupportedInterfaceOrientations_iPad = "UIInterfaceOrientationPortrait UIInterfaceOrientationPortraitUpsideDown UIInterfaceOrientationLandscapeLeft UIInterfaceOrientationLandscapeRight";
				INFOPLIST_KEY_UISupportedInterfaceOrientations_iPhone = "UIInterfaceOrientationPortrait UIInterfaceOrientationLandscapeLeft UIInterfaceOrientationLandscapeRight";
				LD_RUNPATH_SEARCH_PATHS = (
					"$(inherited)",
					"@executable_path/Frameworks",
				);
				MARKETING_VERSION = 1.0;
				PRODUCT_BUNDLE_IDENTIFIER = com.RanjeetBalkawade.com.SearchPhotos;
				PRODUCT_NAME = "$(TARGET_NAME)";
				SWIFT_EMIT_LOC_STRINGS = YES;
				SWIFT_VERSION = 5.0;
				TARGETED_DEVICE_FAMILY = "1,2";
			};
			name = Debug;
		};
		ED4167092868554E009C6598 /* Release */ = {
			isa = XCBuildConfiguration;
			buildSettings = {
				ASSETCATALOG_COMPILER_APPICON_NAME = AppIcon;
				ASSETCATALOG_COMPILER_GLOBAL_ACCENT_COLOR_NAME = AccentColor;
				CODE_SIGN_STYLE = Automatic;
				CURRENT_PROJECT_VERSION = 1;
				DEVELOPMENT_TEAM = F5WD84SM96;
				GENERATE_INFOPLIST_FILE = YES;
				INFOPLIST_FILE = SearchPhotos/Info.plist;
				INFOPLIST_KEY_UIApplicationSupportsIndirectInputEvents = YES;
				INFOPLIST_KEY_UILaunchStoryboardName = LaunchScreen;
				INFOPLIST_KEY_UIMainStoryboardFile = Main;
				INFOPLIST_KEY_UISupportedInterfaceOrientations_iPad = "UIInterfaceOrientationPortrait UIInterfaceOrientationPortraitUpsideDown UIInterfaceOrientationLandscapeLeft UIInterfaceOrientationLandscapeRight";
				INFOPLIST_KEY_UISupportedInterfaceOrientations_iPhone = "UIInterfaceOrientationPortrait UIInterfaceOrientationLandscapeLeft UIInterfaceOrientationLandscapeRight";
				LD_RUNPATH_SEARCH_PATHS = (
					"$(inherited)",
					"@executable_path/Frameworks",
				);
				MARKETING_VERSION = 1.0;
				PRODUCT_BUNDLE_IDENTIFIER = com.RanjeetBalkawade.com.SearchPhotos;
				PRODUCT_NAME = "$(TARGET_NAME)";
				SWIFT_EMIT_LOC_STRINGS = YES;
				SWIFT_VERSION = 5.0;
				TARGETED_DEVICE_FAMILY = "1,2";
			};
			name = Release;
		};
/* End XCBuildConfiguration section */

/* Begin XCConfigurationList section */
		ED4166EE2868554C009C6598 /* Build configuration list for PBXProject "SearchPhotos" */ = {
			isa = XCConfigurationList;
			buildConfigurations = (
				ED4167052868554E009C6598 /* Debug */,
				ED4167062868554E009C6598 /* Release */,
			);
			defaultConfigurationIsVisible = 0;
			defaultConfigurationName = Release;
		};
		ED4167072868554E009C6598 /* Build configuration list for PBXNativeTarget "SearchPhotos" */ = {
			isa = XCConfigurationList;
			buildConfigurations = (
				ED4167082868554E009C6598 /* Debug */,
				ED4167092868554E009C6598 /* Release */,
			);
			defaultConfigurationIsVisible = 0;
			defaultConfigurationName = Release;
		};
/* End XCConfigurationList section */
	};
	rootObject = ED4166EB2868554C009C6598 /* Project object */;
}
